// !$*UTF8*$!
{
	archiveVersion = 1;
	classes = {
	};
	objectVersion = 46;
	objects = {

/* Begin PBXBuildFile section */
		59888E6320D49F790010CEBF /* kyokusyo.png in Resources */ = {isa = PBXBuildFile; fileRef = 59888E6220D49F790010CEBF /* kyokusyo.png */; };
		59888E6520D49F9F0010CEBF /* checkbox.png in Resources */ = {isa = PBXBuildFile; fileRef = 59888E6420D49F9F0010CEBF /* checkbox.png */; };
		59B2121A1F8B008B00B6394A /* AppDelegate.swift in Sources */ = {isa = PBXBuildFile; fileRef = 59B212191F8B008B00B6394A /* AppDelegate.swift */; };
		59B2121C1F8B008B00B6394A /* ViewController.swift in Sources */ = {isa = PBXBuildFile; fileRef = 59B2121B1F8B008B00B6394A /* ViewController.swift */; };
		59B2121F1F8B008F00B6394A /* Main.storyboard in Resources */ = {isa = PBXBuildFile; fileRef = 59B2121D1F8B008F00B6394A /* Main.storyboard */; };
		59B212211F8B009000B6394A /* Assets.xcassets in Resources */ = {isa = PBXBuildFile; fileRef = 59B212201F8B009000B6394A /* Assets.xcassets */; };
		59B212241F8B009000B6394A /* LaunchScreen.storyboard in Resources */ = {isa = PBXBuildFile; fileRef = 59B212221F8B009000B6394A /* LaunchScreen.storyboard */; };
		92EC91B4204F962600CC65A4 /* adult.mp4 in Resources */ = {isa = PBXBuildFile; fileRef = 92EC91B3204F962600CC65A4 /* adult.mp4 */; };
		92EC91B6204F9D9700CC65A4 /* child.mp4 in Resources */ = {isa = PBXBuildFile; fileRef = 92EC91B5204F9D9700CC65A4 /* child.mp4 */; };
		92EC91B8204F9DA100CC65A4 /* baby.mp4 in Resources */ = {isa = PBXBuildFile; fileRef = 92EC91B7204F9DA100CC65A4 /* baby.mp4 */; };
/* End PBXBuildFile section */

/* Begin PBXFileReference section */
		59888E6220D49F790010CEBF /* kyokusyo.png */ = {isa = PBXFileReference; lastKnownFileType = image.png; path = kyokusyo.png; sourceTree = "<group>"; };
		59888E6420D49F9F0010CEBF /* checkbox.png */ = {isa = PBXFileReference; lastKnownFileType = image.png; path = checkbox.png; sourceTree = "<group>"; };
		59B212161F8B008900B6394A /* RescueVideoiOS.app */ = {isa = PBXFileReference; explicitFileType = wrapper.application; includeInIndex = 0; path = RescueVideoiOS.app; sourceTree = BUILT_PRODUCTS_DIR; };
		59B212191F8B008B00B6394A /* AppDelegate.swift */ = {isa = PBXFileReference; lastKnownFileType = sourcecode.swift; path = AppDelegate.swift; sourceTree = "<group>"; };
		59B2121B1F8B008B00B6394A /* ViewController.swift */ = {isa = PBXFileReference; lastKnownFileType = sourcecode.swift; path = ViewController.swift; sourceTree = "<group>"; };
		59B2121E1F8B008F00B6394A /* Base */ = {isa = PBXFileReference; lastKnownFileType = file.storyboard; name = Base; path = Base.lproj/Main.storyboard; sourceTree = "<group>"; };
		59B212201F8B009000B6394A /* Assets.xcassets */ = {isa = PBXFileReference; lastKnownFileType = folder.assetcatalog; path = Assets.xcassets; sourceTree = "<group>"; };
		59B212231F8B009000B6394A /* Base */ = {isa = PBXFileReference; lastKnownFileType = file.storyboard; name = Base; path = Base.lproj/LaunchScreen.storyboard; sourceTree = "<group>"; };
		59B212251F8B009000B6394A /* Info.plist */ = {isa = PBXFileReference; lastKnownFileType = text.plist.xml; path = Info.plist; sourceTree = "<group>"; };
		92EC91B3204F962600CC65A4 /* adult.mp4 */ = {isa = PBXFileReference; lastKnownFileType = file; path = adult.mp4; sourceTree = "<group>"; };
		92EC91B5204F9D9700CC65A4 /* child.mp4 */ = {isa = PBXFileReference; lastKnownFileType = file; path = child.mp4; sourceTree = "<group>"; };
		92EC91B7204F9DA100CC65A4 /* baby.mp4 */ = {isa = PBXFileReference; lastKnownFileType = file; path = baby.mp4; sourceTree = "<group>"; };
/* End PBXFileReference section */

/* Begin PBXFrameworksBuildPhase section */
		59B212131F8B008800B6394A /* Frameworks */ = {
			isa = PBXFrameworksBuildPhase;
			buildActionMask = 2147483647;
			files = (
			);
			runOnlyForDeploymentPostprocessing = 0;
		};
/* End PBXFrameworksBuildPhase section */

/* Begin PBXGroup section */
		59B2120D1F8B008600B6394A = {
			isa = PBXGroup;
			children = (
				59B212181F8B008900B6394A /* RescueVideoiOS */,
				59B212171F8B008900B6394A /* Products */,
			);
			sourceTree = "<group>";
		};
		59B212171F8B008900B6394A /* Products */ = {
			isa = PBXGroup;
			children = (
				59B212161F8B008900B6394A /* RescueVideoiOS.app */,
			);
			name = Products;
			sourceTree = "<group>";
		};
		59B212181F8B008900B6394A /* RescueVideoiOS */ = {
			isa = PBXGroup;
			children = (
				59888E6420D49F9F0010CEBF /* checkbox.png */,
				59888E6220D49F790010CEBF /* kyokusyo.png */,
				92EC91B3204F962600CC65A4 /* adult.mp4 */,
				92EC91B5204F9D9700CC65A4 /* child.mp4 */,
				92EC91B7204F9DA100CC65A4 /* baby.mp4 */,
				59B212191F8B008B00B6394A /* AppDelegate.swift */,
				59B2121B1F8B008B00B6394A /* ViewController.swift */,
				59B2121D1F8B008F00B6394A /* Main.storyboard */,
				59B212201F8B009000B6394A /* Assets.xcassets */,
				59B212221F8B009000B6394A /* LaunchScreen.storyboard */,
				59B212251F8B009000B6394A /* Info.plist */,
			);
			path = RescueVideoiOS;
			sourceTree = "<group>";
		};
/* End PBXGroup section */

/* Begin PBXNativeTarget section */
		59B212151F8B008800B6394A /* RescueVideoiOS */ = {
			isa = PBXNativeTarget;
			buildConfigurationList = 59B212281F8B009000B6394A /* Build configuration list for PBXNativeTarget "RescueVideoiOS" */;
			buildPhases = (
				59B212121F8B008800B6394A /* Sources */,
				59B212131F8B008800B6394A /* Frameworks */,
				59B212141F8B008800B6394A /* Resources */,
			);
			buildRules = (
			);
			dependencies = (
			);
			name = RescueVideoiOS;
			productName = RescueVideoiOS;
			productReference = 59B212161F8B008900B6394A /* RescueVideoiOS.app */;
			productType = "com.apple.product-type.application";
		};
/* End PBXNativeTarget section */

/* Begin PBXProject section */
		59B2120E1F8B008800B6394A /* Project object */ = {
			isa = PBXProject;
			attributes = {
				LastSwiftUpdateCheck = 0830;
				LastUpgradeCheck = 0830;
				ORGANIZATIONNAME = "Tadakazu Nakamichi";
				TargetAttributes = {
					59B212151F8B008800B6394A = {
						CreatedOnToolsVersion = 8.3;
						DevelopmentTeam = X7TZM2569N;
						ProvisioningStyle = Automatic;
					};
				};
			};
			buildConfigurationList = 59B212111F8B008800B6394A /* Build configuration list for PBXProject "RescueVideoiOS" */;
			compatibilityVersion = "Xcode 3.2";
			developmentRegion = English;
			hasScannedForEncodings = 0;
			knownRegions = (
				en,
				Base,
			);
			mainGroup = 59B2120D1F8B008600B6394A;
			productRefGroup = 59B212171F8B008900B6394A /* Products */;
			projectDirPath = "";
			projectRoot = "";
			targets = (
				59B212151F8B008800B6394A /* RescueVideoiOS */,
			);
		};
/* End PBXProject section */

/* Begin PBXResourcesBuildPhase section */
		59B212141F8B008800B6394A /* Resources */ = {
			isa = PBXResourcesBuildPhase;
			buildActionMask = 2147483647;
			files = (
				59B212241F8B009000B6394A /* LaunchScreen.storyboard in Resources */,
				92EC91B8204F9DA100CC65A4 /* baby.mp4 in Resources */,
				59B212211F8B009000B6394A /* Assets.xcassets in Resources */,
				59888E6320D49F790010CEBF /* kyokusyo.png in Resources */,
				92EC91B4204F962600CC65A4 /* adult.mp4 in Resources */,
				92EC91B6204F9D9700CC65A4 /* child.mp4 in Resources */,
				59888E6520D49F9F0010CEBF /* checkbox.png in Resources */,
				59B2121F1F8B008F00B6394A /* Main.storyboard in Resources */,
			);
			runOnlyForDeploymentPostprocessing = 0;
		};
/* End PBXResourcesBuildPhase section */

/* Begin PBXSourcesBuildPhase section */
		59B212121F8B008800B6394A /* Sources */ = {
			isa = PBXSourcesBuildPhase;
			buildActionMask = 2147483647;
			files = (
				59B2121C1F8B008B00B6394A /* ViewController.swift in Sources */,
				59B2121A1F8B008B00B6394A /* AppDelegate.swift in Sources */,
			);
			runOnlyForDeploymentPostprocessing = 0;
		};
/* End PBXSourcesBuildPhase section */

/* Begin PBXVariantGroup section */
		59B2121D1F8B008F00B6394A /* Main.storyboard */ = {
			isa = PBXVariantGroup;
			children = (
				59B2121E1F8B008F00B6394A /* Base */,
			);
			name = Main.storyboard;
			sourceTree = "<group>";
		};
		59B212221F8B009000B6394A /* LaunchScreen.storyboard */ = {
			isa = PBXVariantGroup;
			children = (
				59B212231F8B009000B6394A /* Base */,
			);
			name = LaunchScreen.storyboard;
			sourceTree = "<group>";
		};
/* End PBXVariantGroup section */

/* Begin XCBuildConfiguration section */
		59B212261F8B009000B6394A /* Debug */ = {
			isa = XCBuildConfiguration;
			buildSettings = {
				ALWAYS_SEARCH_USER_PATHS = NO;
				CLANG_ANALYZER_NONNULL = YES;
				CLANG_ANALYZER_NUMBER_OBJECT_CONVERSION = YES_AGGRESSIVE;
				CLANG_CXX_LANGUAGE_STANDARD = "gnu++0x";
				CLANG_CXX_LIBRARY = "libc++";
				CLANG_ENABLE_MODULES = YES;
				CLANG_ENABLE_OBJC_ARC = YES;
				CLANG_WARN_BOOL_CONVERSION = YES;
				CLANG_WARN_CONSTANT_CONVERSION = YES;
				CLANG_WARN_DIRECT_OBJC_ISA_USAGE = YES_ERROR;
				CLANG_WARN_DOCUMENTATION_COMMENTS = YES;
				CLANG_WARN_EMPTY_BODY = YES;
				CLANG_WARN_ENUM_CONVERSION = YES;
				CLANG_WARN_INFINITE_RECURSION = YES;
				CLANG_WARN_INT_CONVERSION = YES;
				CLANG_WARN_OBJC_ROOT_CLASS = YES_ERROR;
				CLANG_WARN_SUSPICIOUS_MOVE = YES;
				CLANG_WARN_UNREACHABLE_CODE = YES;
				CLANG_WARN__DUPLICATE_METHOD_MATCH = YES;
				"CODE_SIGN_IDENTITY[sdk=iphoneos*]" = "iPhone Developer";
				COPY_PHASE_STRIP = NO;
				DEBUG_INFORMATION_FORMAT = dwarf;
				ENABLE_STRICT_OBJC_MSGSEND = YES;
				ENABLE_TESTABILITY = YES;
				GCC_C_LANGUAGE_STANDARD = gnu99;
				GCC_DYNAMIC_NO_PIC = NO;
				GCC_NO_COMMON_BLOCKS = YES;
				GCC_OPTIMIZATION_LEVEL = 0;
				GCC_PREPROCESSOR_DEFINITIONS = (
					"DEBUG=1",
					"$(inherited)",
				);
				GCC_WARN_64_TO_32_BIT_CONVERSION = YES;
				GCC_WARN_ABOUT_RETURN_TYPE = YES_ERROR;
				GCC_WARN_UNDECLARED_SELECTOR = YES;
				GCC_WARN_UNINITIALIZED_AUTOS = YES_AGGRESSIVE;
				GCC_WARN_UNUSED_FUNCTION = YES;
				GCC_WARN_UNUSED_VARIABLE = YES;
				IPHONEOS_DEPLOYMENT_TARGET = 10.3;
				MTL_ENABLE_DEBUG_INFO = YES;
				ONLY_ACTIVE_ARCH = YES;
				SDKROOT = iphoneos;
				SWIFT_ACTIVE_COMPILATION_CONDITIONS = DEBUG;
				SWIFT_OPTIMIZATION_LEVEL = "-Onone";
			};
			name = Debug;
		};
		59B212271F8B009000B6394A /* Release */ = {
			isa = XCBuildConfiguration;
			buildSettings = {
				ALWAYS_SEARCH_USER_PATHS = NO;
				CLANG_ANALYZER_NONNULL = YES;
				CLANG_ANALYZER_NUMBER_OBJECT_CONVERSION = YES_AGGRESSIVE;
				CLANG_CXX_LANGUAGE_STANDARD = "gnu++0x";
				CLANG_CXX_LIBRARY = "libc++";
				CLANG_ENABLE_MODULES = YES;
				CLANG_ENABLE_OBJC_ARC = YES;
				CLANG_WARN_BOOL_CONVERSION = YES;
				CLANG_WARN_CONSTANT_CONVERSION = YES;
				CLANG_WARN_DIRECT_OBJC_ISA_USAGE = YES_ERROR;
				CLANG_WARN_DOCUMENTATION_COMMENTS = YES;
				CLANG_WARN_EMPTY_BODY = YES;
				CLANG_WARN_ENUM_CONVERSION = YES;
				CLANG_WARN_INFINITE_RECURSION = YES;
				CLANG_WARN_INT_CONVERSION = YES;
				CLANG_WARN_OBJC_ROOT_CLASS = YES_ERROR;
				CLANG_WARN_SUSPICIOUS_MOVE = YES;
				CLANG_WARN_UNREACHABLE_CODE = YES;
				CLANG_WARN__DUPLICATE_METHOD_MATCH = YES;
				"CODE_SIGN_IDENTITY[sdk=iphoneos*]" = "iPhone Developer";
				COPY_PHASE_STRIP = NO;
				DEBUG_INFORMATION_FORMAT = "dwarf-with-dsym";
				ENABLE_NS_ASSERTIONS = NO;
				ENABLE_STRICT_OBJC_MSGSEND = YES;
				GCC_C_LANGUAGE_STANDARD = gnu99;
				GCC_NO_COMMON_BLOCKS = YES;
				GCC_WARN_64_TO_32_BIT_CONVERSION = YES;
				GCC_WARN_ABOUT_RETURN_TYPE = YES_ERROR;
				GCC_WARN_UNDECLARED_SELECTOR = YES;
				GCC_WARN_UNINITIALIZED_AUTOS = YES_AGGRESSIVE;
				GCC_WARN_UNUSED_FUNCTION = YES;
				GCC_WARN_UNUSED_VARIABLE = YES;
				IPHONEOS_DEPLOYMENT_TARGET = 10.3;
				MTL_ENABLE_DEBUG_INFO = NO;
				SDKROOT = iphoneos;
				SWIFT_OPTIMIZATION_LEVEL = "-Owholemodule";
				VALIDATE_PRODUCT = YES;
			};
			name = Release;
		};
		59B212291F8B009000B6394A /* Debug */ = {
			isa = XCBuildConfiguration;
			buildSettings = {
				ASSETCATALOG_COMPILER_APPICON_NAME = AppIcon;
				DEVELOPMENT_TEAM = X7TZM2569N;
				INFOPLIST_FILE = RescueVideoiOS/Info.plist;
				LD_RUNPATH_SEARCH_PATHS = "$(inherited) @executable_path/Frameworks";
				PRODUCT_BUNDLE_IDENTIFIER = com.tadakazu1972.RescueVideoiOS;
				PRODUCT_NAME = "$(TARGET_NAME)";
				SWIFT_VERSION = 3.0;
			};
			name = Debug;
		};
		59B2122A1F8B009000B6394A /* Release */ = {
			isa = XCBuildConfiguration;
			buildSettings = {
				ASSETCATALOG_COMPILER_APPICON_NAME = AppIcon;
				DEVELOPMENT_TEAM = X7TZM2569N;
				INFOPLIST_FILE = RescueVideoiOS/Info.plist;
				LD_RUNPATH_SEARCH_PATHS = "$(inherited) @executable_path/Frameworks";
				PRODUCT_BUNDLE_IDENTIFIER = com.tadakazu1972.RescueVideoiOS;
				PRODUCT_NAME = "$(TARGET_NAME)";
				SWIFT_VERSION = 3.0;
			};
			name = Release;
		};
/* End XCBuildConfiguration section */

/* Begin XCConfigurationList section */
		59B212111F8B008800B6394A /* Build configuration list for PBXProject "RescueVideoiOS" */ = {
			isa = XCConfigurationList;
			buildConfigurations = (
				59B212261F8B009000B6394A /* Debug */,
				59B212271F8B009000B6394A /* Release */,
			);
			defaultConfigurationIsVisible = 0;
			defaultConfigurationName = Release;
		};
		59B212281F8B009000B6394A /* Build configuration list for PBXNativeTarget "RescueVideoiOS" */ = {
			isa = XCConfigurationList;
			buildConfigurations = (
				59B212291F8B009000B6394A /* Debug */,
				59B2122A1F8B009000B6394A /* Release */,
			);
			defaultConfigurationIsVisible = 0;
			defaultConfigurationName = Release;
		};
/* End XCConfigurationList section */
	};
	rootObject = 59B2120E1F8B008800B6394A /* Project object */;
}
